
Microsoft Visual Studio Solution File, Format Version 12.00
# Visual Studio Version 17
VisualStudioVersion = 17.7.34024.191
MinimumVisualStudioVersion = 10.0.40219.1
Project("{9A19103F-16F7-4668-BE54-9A1E7A4F7556}") = "Stage0", "Stage0\Stage0.csproj", "{35F746A4-A051-421E-80AD-BFD7DA88A87D}"
EndProject
Project("{2150E333-8FDC-42A3-9474-1A3956D46DE8}") = "Solution Items", "Solution Items", "{D2699BA8-BFD0-4CAE-93B1-C1F74B2FFA51}"
	ProjectSection(SolutionItems) = preProject
		..\README.md = ..\README.md
	EndProjectSection
EndProject
Global
	GlobalSection(SolutionConfigurationPlatforms) = preSolution
		Debug|Any CPU = Debug|Any CPU
		Release|Any CPU = Release|Any CPU
	EndGlobalSection
	GlobalSection(ProjectConfigurationPlatforms) = postSolution
		{35F746A4-A051-421E-80AD-BFD7DA88A87D}.Debug|Any CPU.ActiveCfg = Debug|Any CPU
		{35F746A4-A051-421E-80AD-BFD7DA88A87D}.Debug|Any CPU.Build.0 = Debug|Any CPU
		{35F746A4-A051-421E-80AD-BFD7DA88A87D}.Release|Any CPU.ActiveCfg = Release|Any CPU
		{35F746A4-A051-421E-80AD-BFD7DA88A87D}.Release|Any CPU.Build.0 = Release|Any CPU
	EndGlobalSection
	GlobalSection(SolutionProperties) = preSolution
		HideSolutionNode = FALSE
	EndGlobalSection
	GlobalSection(ExtensibilityGlobals) = postSolution
		SolutionGuid = {D4D0C765-CC19-4797-A931-2FE97100FE63}
	EndGlobalSection
EndGlobal
